// !$*UTF8*$!
{
	archiveVersion = 1;
	classes = {
	};
	objectVersion = 56;
	objects = {

/* Begin PBXBuildFile section */
		8A76ED572CE4D0F00065FF66 /* Image.swift in Sources */ = {isa = PBXBuildFile; fileRef = 8A76ED562CE4D0EF0065FF66 /* Image.swift */; };
		8A76ED592CE4DA540065FF66 /* Stack.swift in Sources */ = {isa = PBXBuildFile; fileRef = 8A76ED582CE4DA540065FF66 /* Stack.swift */; };
		8A76ED5B2CE4DF970065FF66 /* StatusPageView.swift in Sources */ = {isa = PBXBuildFile; fileRef = 8A76ED5A2CE4DF970065FF66 /* StatusPageView.swift */; };
		8A76ED5D2CE50E760065FF66 /* 1.md in Resources */ = {isa = PBXBuildFile; fileRef = 8A76ED5C2CE50E760065FF66 /* 1.md */; };
		8A76ED5F2CE50F2A0065FF66 /* SwiftLanguage.swift in Sources */ = {isa = PBXBuildFile; fileRef = 8A76ED5E2CE50F2A0065FF66 /* SwiftLanguage.swift */; };
		8A76ED612CE516210065FF66 /* Button.swift in Sources */ = {isa = PBXBuildFile; fileRef = 8A76ED602CE516210065FF66 /* Button.swift */; };
		8A76ED632CE6271C0065FF66 /* TextField.swift in Sources */ = {isa = PBXBuildFile; fileRef = 8A76ED622CE6271C0065FF66 /* TextField.swift */; };
		8A76ED6B2CE631A30065FF66 /* TextEditor.swift in Sources */ = {isa = PBXBuildFile; fileRef = 8A76ED6A2CE631A30065FF66 /* TextEditor.swift */; };
		8A76ED6D2CE636070065FF66 /* ListView.swift in Sources */ = {isa = PBXBuildFile; fileRef = 8A76ED6C2CE636070065FF66 /* ListView.swift */; };
		8ADB600C2CE3ABAB00B3E218 /* DevSwiftUIApp.swift in Sources */ = {isa = PBXBuildFile; fileRef = 8ADB600B2CE3ABAB00B3E218 /* DevSwiftUIApp.swift */; };
		8ADB600E2CE3ABAB00B3E218 /* ContentView.swift in Sources */ = {isa = PBXBuildFile; fileRef = 8ADB600D2CE3ABAB00B3E218 /* ContentView.swift */; };
		8ADB60102CE3ABAD00B3E218 /* Assets.xcassets in Resources */ = {isa = PBXBuildFile; fileRef = 8ADB600F2CE3ABAD00B3E218 /* Assets.xcassets */; };
		8ADB60132CE3ABAD00B3E218 /* Preview Assets.xcassets in Resources */ = {isa = PBXBuildFile; fileRef = 8ADB60122CE3ABAD00B3E218 /* Preview Assets.xcassets */; };
		8ADB601A2CE3B4E400B3E218 /* Text.swift in Sources */ = {isa = PBXBuildFile; fileRef = 8ADB60192CE3B4E400B3E218 /* Text.swift */; };
		9248A2E22CE8A6F9009BCD57 /* NavigationView.swift in Sources */ = {isa = PBXBuildFile; fileRef = 9248A2E12CE8A6F9009BCD57 /* NavigationView.swift */; };
		926BAF442CE792F200F1D40F /* SentencesModel.swift in Sources */ = {isa = PBXBuildFile; fileRef = 926BAF432CE792F200F1D40F /* SentencesModel.swift */; };
		926BAF462CE7942500F1D40F /* ListViewDemo.swift in Sources */ = {isa = PBXBuildFile; fileRef = 926BAF452CE7942500F1D40F /* ListViewDemo.swift */; };
		926BAF492CE79BAA00F1D40F /* HildeKeyboard.swift in Sources */ = {isa = PBXBuildFile; fileRef = 926BAF482CE79BAA00F1D40F /* HildeKeyboard.swift */; };
		926E35482CE9D1C700AE08E5 /* IndexView.swift in Sources */ = {isa = PBXBuildFile; fileRef = 926E35472CE9D1C700AE08E5 /* IndexView.swift */; };
		926E354A2CE9DB9500AE08E5 /* BannerModel.swift in Sources */ = {isa = PBXBuildFile; fileRef = 926E35492CE9DB9500AE08E5 /* BannerModel.swift */; };
		926E354C2CE9DE6800AE08E5 /* Form.swift in Sources */ = {isa = PBXBuildFile; fileRef = 926E354B2CE9DE6800AE08E5 /* Form.swift */; };
		926E354E2CE9ED6B00AE08E5 /* RGBDemo.swift in Sources */ = {isa = PBXBuildFile; fileRef = 926E354D2CE9ED6B00AE08E5 /* RGBDemo.swift */; };
		926E35512CE9F17E00AE08E5 /* ColorToString.swift in Sources */ = {isa = PBXBuildFile; fileRef = 926E35502CE9F17E00AE08E5 /* ColorToString.swift */; };
		926E35532CE9F8EC00AE08E5 /* Dialog.swift in Sources */ = {isa = PBXBuildFile; fileRef = 926E35522CE9F8EC00AE08E5 /* Dialog.swift */; };
		926E35552CE9F90E00AE08E5 /* NoteModel.swift in Sources */ = {isa = PBXBuildFile; fileRef = 926E35542CE9F90E00AE08E5 /* NoteModel.swift */; };
		926E35572CEA00CB00AE08E5 /* Dialog2.swift in Sources */ = {isa = PBXBuildFile; fileRef = 926E35562CEA00CB00AE08E5 /* Dialog2.swift */; };
		926E35592CEA02B300AE08E5 /* Dialog3.swift in Sources */ = {isa = PBXBuildFile; fileRef = 926E35582CEA02B300AE08E5 /* Dialog3.swift */; };
		92B6BCFE2CEB611B004AEB8F /* Dialog4.swift in Sources */ = {isa = PBXBuildFile; fileRef = 92B6BCFD2CEB611B004AEB8F /* Dialog4.swift */; };
		92B6BD002CEB633E004AEB8F /* Dialog5.swift in Sources */ = {isa = PBXBuildFile; fileRef = 92B6BCFF2CEB633E004AEB8F /* Dialog5.swift */; };
		92B6BD022CEB6548004AEB8F /* ScrollView.swift in Sources */ = {isa = PBXBuildFile; fileRef = 92B6BD012CEB6548004AEB8F /* ScrollView.swift */; };
		92B6BD042CEB67C6004AEB8F /* DisclosureGroup.swift in Sources */ = {isa = PBXBuildFile; fileRef = 92B6BD032CEB67C6004AEB8F /* DisclosureGroup.swift */; };
		92B6BD062CEB690B004AEB8F /* Gesture.swift in Sources */ = {isa = PBXBuildFile; fileRef = 92B6BD052CEB690B004AEB8F /* Gesture.swift */; };
		92B6BD082CEB72BC004AEB8F /* Gesture2.swift in Sources */ = {isa = PBXBuildFile; fileRef = 92B6BD072CEB72BC004AEB8F /* Gesture2.swift */; };
		92B6BD0A2CEB749A004AEB8F /* Gesture3.swift in Sources */ = {isa = PBXBuildFile; fileRef = 92B6BD092CEB749A004AEB8F /* Gesture3.swift */; };
		92B6BD0C2CEB76A9004AEB8F /* Gesture4.swift in Sources */ = {isa = PBXBuildFile; fileRef = 92B6BD0B2CEB76A9004AEB8F /* Gesture4.swift */; };
		92B6BD0E2CEB78D2004AEB8F /* Gesture5.swift in Sources */ = {isa = PBXBuildFile; fileRef = 92B6BD0D2CEB78D2004AEB8F /* Gesture5.swift */; };
		92B6BD102CEB7CC5004AEB8F /* Color.swift in Sources */ = {isa = PBXBuildFile; fileRef = 92B6BD0F2CEB7CC5004AEB8F /* Color.swift */; };
		92B6BD122CEC3D2D004AEB8F /* DataFlow.swift in Sources */ = {isa = PBXBuildFile; fileRef = 92B6BD112CEC3D2D004AEB8F /* DataFlow.swift */; };
		92B6BD142CEC4AA9004AEB8F /* ViewModel.swift in Sources */ = {isa = PBXBuildFile; fileRef = 92B6BD132CEC4AA9004AEB8F /* ViewModel.swift */; };
		92B6BD162CEC7031004AEB8F /* NetworkRequest.swift in Sources */ = {isa = PBXBuildFile; fileRef = 92B6BD152CEC7031004AEB8F /* NetworkRequest.swift */; };
		92B6BD182CEC7049004AEB8F /* ColorModel.swift in Sources */ = {isa = PBXBuildFile; fileRef = 92B6BD172CEC7049004AEB8F /* ColorModel.swift */; };
		92B6BD1A2CEC7402004AEB8F /* colors.json in Resources */ = {isa = PBXBuildFile; fileRef = 92B6BD192CEC7402004AEB8F /* colors.json */; };
		92B6BD1C2CEC7478004AEB8F /* Utils.swift in Sources */ = {isa = PBXBuildFile; fileRef = 92B6BD1B2CEC7478004AEB8F /* Utils.swift */; };
		92B6BD1E2CEC7C46004AEB8F /* NetworkRequestMVVM.swift in Sources */ = {isa = PBXBuildFile; fileRef = 92B6BD1D2CEC7C46004AEB8F /* NetworkRequestMVVM.swift */; };
		92B6BD202CEC8A57004AEB8F /* NoteApp.swift in Sources */ = {isa = PBXBuildFile; fileRef = 92B6BD1F2CEC8A57004AEB8F /* NoteApp.swift */; };
		92B6BD222CECA5A2004AEB8F /* Graphics.swift in Sources */ = {isa = PBXBuildFile; fileRef = 92B6BD212CECA5A2004AEB8F /* Graphics.swift */; };
		92B6BD242CECAF2D004AEB8F /* Graphics2.swift in Sources */ = {isa = PBXBuildFile; fileRef = 92B6BD232CECAF2D004AEB8F /* Graphics2.swift */; };
		92B6BD262CECBBD8004AEB8F /* ImagePicker.swift in Sources */ = {isa = PBXBuildFile; fileRef = 92B6BD252CECBBD8004AEB8F /* ImagePicker.swift */; };
		92B6BD282CECC2D6004AEB8F /* ImagePickerDemo.swift in Sources */ = {isa = PBXBuildFile; fileRef = 92B6BD272CECC2D6004AEB8F /* ImagePickerDemo.swift */; };
		92B6BD2A2CECCA1A004AEB8F /* AsImage.swift in Sources */ = {isa = PBXBuildFile; fileRef = 92B6BD292CECCA1A004AEB8F /* AsImage.swift */; };
		92B6BD2C2CECD29A004AEB8F /* SnapshotDemo.swift in Sources */ = {isa = PBXBuildFile; fileRef = 92B6BD2B2CECD29A004AEB8F /* SnapshotDemo.swift */; };
		92B6BD2E2CEDC076004AEB8F /* ImageSaver.swift in Sources */ = {isa = PBXBuildFile; fileRef = 92B6BD2D2CEDC076004AEB8F /* ImageSaver.swift */; };
		92B6BD302CEDC721004AEB8F /* ShareSheet.swift in Sources */ = {isa = PBXBuildFile; fileRef = 92B6BD2F2CEDC721004AEB8F /* ShareSheet.swift */; };
/* End PBXBuildFile section */

/* Begin PBXFileReference section */
		8A76ED562CE4D0EF0065FF66 /* Image.swift */ = {isa = PBXFileReference; lastKnownFileType = sourcecode.swift; path = Image.swift; sourceTree = "<group>"; };
		8A76ED582CE4DA540065FF66 /* Stack.swift */ = {isa = PBXFileReference; lastKnownFileType = sourcecode.swift; path = Stack.swift; sourceTree = "<group>"; };
		8A76ED5A2CE4DF970065FF66 /* StatusPageView.swift */ = {isa = PBXFileReference; lastKnownFileType = sourcecode.swift; path = StatusPageView.swift; sourceTree = "<group>"; };
		8A76ED5C2CE50E760065FF66 /* 1.md */ = {isa = PBXFileReference; lastKnownFileType = net.daringfireball.markdown; path = 1.md; sourceTree = "<group>"; };
		8A76ED5E2CE50F2A0065FF66 /* SwiftLanguage.swift */ = {isa = PBXFileReference; lastKnownFileType = sourcecode.swift; path = SwiftLanguage.swift; sourceTree = "<group>"; };
		8A76ED602CE516210065FF66 /* Button.swift */ = {isa = PBXFileReference; lastKnownFileType = sourcecode.swift; path = Button.swift; sourceTree = "<group>"; };
		8A76ED622CE6271C0065FF66 /* TextField.swift */ = {isa = PBXFileReference; lastKnownFileType = sourcecode.swift; path = TextField.swift; sourceTree = "<group>"; };
		8A76ED6A2CE631A30065FF66 /* TextEditor.swift */ = {isa = PBXFileReference; lastKnownFileType = sourcecode.swift; path = TextEditor.swift; sourceTree = "<group>"; };
		8A76ED6C2CE636070065FF66 /* ListView.swift */ = {isa = PBXFileReference; lastKnownFileType = sourcecode.swift; path = ListView.swift; sourceTree = "<group>"; };
		8ADB60082CE3ABAB00B3E218 /* DevSwiftUI.app */ = {isa = PBXFileReference; explicitFileType = wrapper.application; includeInIndex = 0; path = DevSwiftUI.app; sourceTree = BUILT_PRODUCTS_DIR; };
		8ADB600B2CE3ABAB00B3E218 /* DevSwiftUIApp.swift */ = {isa = PBXFileReference; lastKnownFileType = sourcecode.swift; path = DevSwiftUIApp.swift; sourceTree = "<group>"; };
		8ADB600D2CE3ABAB00B3E218 /* ContentView.swift */ = {isa = PBXFileReference; lastKnownFileType = sourcecode.swift; path = ContentView.swift; sourceTree = "<group>"; };
		8ADB600F2CE3ABAD00B3E218 /* Assets.xcassets */ = {isa = PBXFileReference; lastKnownFileType = folder.assetcatalog; path = Assets.xcassets; sourceTree = "<group>"; };
		8ADB60122CE3ABAD00B3E218 /* Preview Assets.xcassets */ = {isa = PBXFileReference; lastKnownFileType = folder.assetcatalog; path = "Preview Assets.xcassets"; sourceTree = "<group>"; };
		8ADB60192CE3B4E400B3E218 /* Text.swift */ = {isa = PBXFileReference; lastKnownFileType = sourcecode.swift; path = Text.swift; sourceTree = "<group>"; };
		9248A2E12CE8A6F9009BCD57 /* NavigationView.swift */ = {isa = PBXFileReference; lastKnownFileType = sourcecode.swift; path = NavigationView.swift; sourceTree = "<group>"; };
		926BAF432CE792F200F1D40F /* SentencesModel.swift */ = {isa = PBXFileReference; lastKnownFileType = sourcecode.swift; path = SentencesModel.swift; sourceTree = "<group>"; };
		926BAF452CE7942500F1D40F /* ListViewDemo.swift */ = {isa = PBXFileReference; lastKnownFileType = sourcecode.swift; path = ListViewDemo.swift; sourceTree = "<group>"; };
		926BAF482CE79BAA00F1D40F /* HildeKeyboard.swift */ = {isa = PBXFileReference; lastKnownFileType = sourcecode.swift; path = HildeKeyboard.swift; sourceTree = "<group>"; };
		926E35472CE9D1C700AE08E5 /* IndexView.swift */ = {isa = PBXFileReference; lastKnownFileType = sourcecode.swift; path = IndexView.swift; sourceTree = "<group>"; };
		926E35492CE9DB9500AE08E5 /* BannerModel.swift */ = {isa = PBXFileReference; lastKnownFileType = sourcecode.swift; path = BannerModel.swift; sourceTree = "<group>"; };
		926E354B2CE9DE6800AE08E5 /* Form.swift */ = {isa = PBXFileReference; lastKnownFileType = sourcecode.swift; path = Form.swift; sourceTree = "<group>"; };
		926E354D2CE9ED6B00AE08E5 /* RGBDemo.swift */ = {isa = PBXFileReference; lastKnownFileType = sourcecode.swift; path = RGBDemo.swift; sourceTree = "<group>"; };
		926E35502CE9F17E00AE08E5 /* ColorToString.swift */ = {isa = PBXFileReference; lastKnownFileType = sourcecode.swift; path = ColorToString.swift; sourceTree = "<group>"; };
		926E35522CE9F8EC00AE08E5 /* Dialog.swift */ = {isa = PBXFileReference; lastKnownFileType = sourcecode.swift; path = Dialog.swift; sourceTree = "<group>"; };
		926E35542CE9F90E00AE08E5 /* NoteModel.swift */ = {isa = PBXFileReference; lastKnownFileType = sourcecode.swift; path = NoteModel.swift; sourceTree = "<group>"; };
		926E35562CEA00CB00AE08E5 /* Dialog2.swift */ = {isa = PBXFileReference; lastKnownFileType = sourcecode.swift; path = Dialog2.swift; sourceTree = "<group>"; };
		926E35582CEA02B300AE08E5 /* Dialog3.swift */ = {isa = PBXFileReference; lastKnownFileType = sourcecode.swift; path = Dialog3.swift; sourceTree = "<group>"; };
		92B6BCFD2CEB611B004AEB8F /* Dialog4.swift */ = {isa = PBXFileReference; lastKnownFileType = sourcecode.swift; path = Dialog4.swift; sourceTree = "<group>"; };
		92B6BCFF2CEB633E004AEB8F /* Dialog5.swift */ = {isa = PBXFileReference; lastKnownFileType = sourcecode.swift; path = Dialog5.swift; sourceTree = "<group>"; };
		92B6BD012CEB6548004AEB8F /* ScrollView.swift */ = {isa = PBXFileReference; lastKnownFileType = sourcecode.swift; path = ScrollView.swift; sourceTree = "<group>"; };
		92B6BD032CEB67C6004AEB8F /* DisclosureGroup.swift */ = {isa = PBXFileReference; lastKnownFileType = sourcecode.swift; path = DisclosureGroup.swift; sourceTree = "<group>"; };
		92B6BD052CEB690B004AEB8F /* Gesture.swift */ = {isa = PBXFileReference; lastKnownFileType = sourcecode.swift; path = Gesture.swift; sourceTree = "<group>"; };
		92B6BD072CEB72BC004AEB8F /* Gesture2.swift */ = {isa = PBXFileReference; lastKnownFileType = sourcecode.swift; path = Gesture2.swift; sourceTree = "<group>"; };
		92B6BD092CEB749A004AEB8F /* Gesture3.swift */ = {isa = PBXFileReference; lastKnownFileType = sourcecode.swift; path = Gesture3.swift; sourceTree = "<group>"; };
		92B6BD0B2CEB76A9004AEB8F /* Gesture4.swift */ = {isa = PBXFileReference; lastKnownFileType = sourcecode.swift; path = Gesture4.swift; sourceTree = "<group>"; };
		92B6BD0D2CEB78D2004AEB8F /* Gesture5.swift */ = {isa = PBXFileReference; lastKnownFileType = sourcecode.swift; path = Gesture5.swift; sourceTree = "<group>"; };
		92B6BD0F2CEB7CC5004AEB8F /* Color.swift */ = {isa = PBXFileReference; lastKnownFileType = sourcecode.swift; path = Color.swift; sourceTree = "<group>"; };
		92B6BD112CEC3D2D004AEB8F /* DataFlow.swift */ = {isa = PBXFileReference; lastKnownFileType = sourcecode.swift; path = DataFlow.swift; sourceTree = "<group>"; };
		92B6BD132CEC4AA9004AEB8F /* ViewModel.swift */ = {isa = PBXFileReference; lastKnownFileType = sourcecode.swift; path = ViewModel.swift; sourceTree = "<group>"; };
		92B6BD152CEC7031004AEB8F /* NetworkRequest.swift */ = {isa = PBXFileReference; lastKnownFileType = sourcecode.swift; path = NetworkRequest.swift; sourceTree = "<group>"; };
		92B6BD172CEC7049004AEB8F /* ColorModel.swift */ = {isa = PBXFileReference; lastKnownFileType = sourcecode.swift; path = ColorModel.swift; sourceTree = "<group>"; };
		92B6BD192CEC7402004AEB8F /* colors.json */ = {isa = PBXFileReference; lastKnownFileType = text.json; path = colors.json; sourceTree = "<group>"; };
		92B6BD1B2CEC7478004AEB8F /* Utils.swift */ = {isa = PBXFileReference; lastKnownFileType = sourcecode.swift; path = Utils.swift; sourceTree = "<group>"; };
		92B6BD1D2CEC7C46004AEB8F /* NetworkRequestMVVM.swift */ = {isa = PBXFileReference; lastKnownFileType = sourcecode.swift; path = NetworkRequestMVVM.swift; sourceTree = "<group>"; };
		92B6BD1F2CEC8A57004AEB8F /* NoteApp.swift */ = {isa = PBXFileReference; lastKnownFileType = sourcecode.swift; path = NoteApp.swift; sourceTree = "<group>"; };
		92B6BD212CECA5A2004AEB8F /* Graphics.swift */ = {isa = PBXFileReference; lastKnownFileType = sourcecode.swift; path = Graphics.swift; sourceTree = "<group>"; };
		92B6BD232CECAF2D004AEB8F /* Graphics2.swift */ = {isa = PBXFileReference; lastKnownFileType = sourcecode.swift; path = Graphics2.swift; sourceTree = "<group>"; };
		92B6BD252CECBBD8004AEB8F /* ImagePicker.swift */ = {isa = PBXFileReference; lastKnownFileType = sourcecode.swift; path = ImagePicker.swift; sourceTree = "<group>"; };
		92B6BD272CECC2D6004AEB8F /* ImagePickerDemo.swift */ = {isa = PBXFileReference; lastKnownFileType = sourcecode.swift; path = ImagePickerDemo.swift; sourceTree = "<group>"; };
		92B6BD292CECCA1A004AEB8F /* AsImage.swift */ = {isa = PBXFileReference; lastKnownFileType = sourcecode.swift; path = AsImage.swift; sourceTree = "<group>"; };
		92B6BD2B2CECD29A004AEB8F /* SnapshotDemo.swift */ = {isa = PBXFileReference; lastKnownFileType = sourcecode.swift; path = SnapshotDemo.swift; sourceTree = "<group>"; };
		92B6BD2D2CEDC076004AEB8F /* ImageSaver.swift */ = {isa = PBXFileReference; lastKnownFileType = sourcecode.swift; path = ImageSaver.swift; sourceTree = "<group>"; };
		92B6BD2F2CEDC721004AEB8F /* ShareSheet.swift */ = {isa = PBXFileReference; lastKnownFileType = sourcecode.swift; path = ShareSheet.swift; sourceTree = "<group>"; };
/* End PBXFileReference section */

/* Begin PBXFrameworksBuildPhase section */
		8ADB60052CE3ABAB00B3E218 /* Frameworks */ = {
			isa = PBXFrameworksBuildPhase;
			buildActionMask = 2147483647;
			files = (
			);
			runOnlyForDeploymentPostprocessing = 0;
		};
/* End PBXFrameworksBuildPhase section */

/* Begin PBXGroup section */
		8ADB5FFF2CE3ABAB00B3E218 = {
			isa = PBXGroup;
			children = (
				8ADB600A2CE3ABAB00B3E218 /* DevSwiftUI */,
				8ADB60092CE3ABAB00B3E218 /* Products */,
			);
			sourceTree = "<group>";
		};
		8ADB60092CE3ABAB00B3E218 /* Products */ = {
			isa = PBXGroup;
			children = (
				8ADB60082CE3ABAB00B3E218 /* DevSwiftUI.app */,
			);
			name = Products;
			sourceTree = "<group>";
		};
		8ADB600A2CE3ABAB00B3E218 /* DevSwiftUI */ = {
			isa = PBXGroup;
			children = (
				926E354F2CE9F12700AE08E5 /* SupportFile */,
				926BAF472CE79B3200F1D40F /* Utils */,
				926BAF422CE792CE00F1D40F /* Model */,
				8ADB600B2CE3ABAB00B3E218 /* DevSwiftUIApp.swift */,
				8ADB600D2CE3ABAB00B3E218 /* ContentView.swift */,
				8ADB60192CE3B4E400B3E218 /* Text.swift */,
				8A76ED562CE4D0EF0065FF66 /* Image.swift */,
				8A76ED582CE4DA540065FF66 /* Stack.swift */,
				8A76ED5A2CE4DF970065FF66 /* StatusPageView.swift */,
				8A76ED5E2CE50F2A0065FF66 /* SwiftLanguage.swift */,
				8A76ED5C2CE50E760065FF66 /* 1.md */,
				8ADB600F2CE3ABAD00B3E218 /* Assets.xcassets */,
				8ADB60112CE3ABAD00B3E218 /* Preview Content */,
				8A76ED602CE516210065FF66 /* Button.swift */,
				8A76ED622CE6271C0065FF66 /* TextField.swift */,
				8A76ED6A2CE631A30065FF66 /* TextEditor.swift */,
				8A76ED6C2CE636070065FF66 /* ListView.swift */,
				926BAF452CE7942500F1D40F /* ListViewDemo.swift */,
				9248A2E12CE8A6F9009BCD57 /* NavigationView.swift */,
				926E35472CE9D1C700AE08E5 /* IndexView.swift */,
				926E354B2CE9DE6800AE08E5 /* Form.swift */,
				926E354D2CE9ED6B00AE08E5 /* RGBDemo.swift */,
				926E35522CE9F8EC00AE08E5 /* Dialog.swift */,
				926E35562CEA00CB00AE08E5 /* Dialog2.swift */,
				926E35582CEA02B300AE08E5 /* Dialog3.swift */,
				92B6BCFD2CEB611B004AEB8F /* Dialog4.swift */,
				92B6BCFF2CEB633E004AEB8F /* Dialog5.swift */,
				92B6BD012CEB6548004AEB8F /* ScrollView.swift */,
				92B6BD032CEB67C6004AEB8F /* DisclosureGroup.swift */,
				92B6BD052CEB690B004AEB8F /* Gesture.swift */,
				92B6BD072CEB72BC004AEB8F /* Gesture2.swift */,
				92B6BD092CEB749A004AEB8F /* Gesture3.swift */,
				92B6BD0B2CEB76A9004AEB8F /* Gesture4.swift */,
				92B6BD0D2CEB78D2004AEB8F /* Gesture5.swift */,
				92B6BD0F2CEB7CC5004AEB8F /* Color.swift */,
				92B6BD112CEC3D2D004AEB8F /* DataFlow.swift */,
				92B6BD152CEC7031004AEB8F /* NetworkRequest.swift */,
				92B6BD1D2CEC7C46004AEB8F /* NetworkRequestMVVM.swift */,
				92B6BD1F2CEC8A57004AEB8F /* NoteApp.swift */,
				92B6BD212CECA5A2004AEB8F /* Graphics.swift */,
				92B6BD232CECAF2D004AEB8F /* Graphics2.swift */,
				92B6BD272CECC2D6004AEB8F /* ImagePickerDemo.swift */,
				92B6BD2B2CECD29A004AEB8F /* SnapshotDemo.swift */,
			);
			path = DevSwiftUI;
			sourceTree = "<group>";
		};
		8ADB60112CE3ABAD00B3E218 /* Preview Content */ = {
			isa = PBXGroup;
			children = (
				8ADB60122CE3ABAD00B3E218 /* Preview Assets.xcassets */,
			);
			path = "Preview Content";
			sourceTree = "<group>";
		};
		926BAF422CE792CE00F1D40F /* Model */ = {
			isa = PBXGroup;
			children = (
				926BAF432CE792F200F1D40F /* SentencesModel.swift */,
				926E35492CE9DB9500AE08E5 /* BannerModel.swift */,
				926E35542CE9F90E00AE08E5 /* NoteModel.swift */,
				92B6BD132CEC4AA9004AEB8F /* ViewModel.swift */,
				92B6BD172CEC7049004AEB8F /* ColorModel.swift */,
				92B6BD192CEC7402004AEB8F /* colors.json */,
			);
			path = Model;
			sourceTree = "<group>";
		};
		926BAF472CE79B3200F1D40F /* Utils */ = {
			isa = PBXGroup;
			children = (
				926BAF482CE79BAA00F1D40F /* HildeKeyboard.swift */,
				92B6BD1B2CEC7478004AEB8F /* Utils.swift */,
			);
			path = Utils;
			sourceTree = "<group>";
		};
		926E354F2CE9F12700AE08E5 /* SupportFile */ = {
			isa = PBXGroup;
			children = (
				926E35502CE9F17E00AE08E5 /* ColorToString.swift */,
				92B6BD252CECBBD8004AEB8F /* ImagePicker.swift */,
				92B6BD292CECCA1A004AEB8F /* AsImage.swift */,
				92B6BD2D2CEDC076004AEB8F /* ImageSaver.swift */,
				92B6BD2F2CEDC721004AEB8F /* ShareSheet.swift */,
			);
			path = SupportFile;
			sourceTree = "<group>";
		};
/* End PBXGroup section */

/* Begin PBXNativeTarget section */
		8ADB60072CE3ABAB00B3E218 /* DevSwiftUI */ = {
			isa = PBXNativeTarget;
			buildConfigurationList = 8ADB60162CE3ABAD00B3E218 /* Build configuration list for PBXNativeTarget "DevSwiftUI" */;
			buildPhases = (
				8ADB60042CE3ABAB00B3E218 /* Sources */,
				8ADB60052CE3ABAB00B3E218 /* Frameworks */,
				8ADB60062CE3ABAB00B3E218 /* Resources */,
			);
			buildRules = (
			);
			dependencies = (
			);
			name = DevSwiftUI;
			productName = DevSwiftUI;
			productReference = 8ADB60082CE3ABAB00B3E218 /* DevSwiftUI.app */;
			productType = "com.apple.product-type.application";
		};
/* End PBXNativeTarget section */

/* Begin PBXProject section */
		8ADB60002CE3ABAB00B3E218 /* Project object */ = {
			isa = PBXProject;
			attributes = {
				BuildIndependentTargetsInParallel = 1;
				LastSwiftUpdateCheck = 1430;
				LastUpgradeCheck = 1430;
				TargetAttributes = {
					8ADB60072CE3ABAB00B3E218 = {
						CreatedOnToolsVersion = 14.3.1;
					};
				};
			};
			buildConfigurationList = 8ADB60032CE3ABAB00B3E218 /* Build configuration list for PBXProject "DevSwiftUI" */;
			compatibilityVersion = "Xcode 14.0";
			developmentRegion = en;
			hasScannedForEncodings = 0;
			knownRegions = (
				en,
				Base,
			);
			mainGroup = 8ADB5FFF2CE3ABAB00B3E218;
			productRefGroup = 8ADB60092CE3ABAB00B3E218 /* Products */;
			projectDirPath = "";
			projectRoot = "";
			targets = (
				8ADB60072CE3ABAB00B3E218 /* DevSwiftUI */,
			);
		};
/* End PBXProject section */

/* Begin PBXResourcesBuildPhase section */
		8ADB60062CE3ABAB00B3E218 /* Resources */ = {
			isa = PBXResourcesBuildPhase;
			buildActionMask = 2147483647;
			files = (
				8A76ED5D2CE50E760065FF66 /* 1.md in Resources */,
				92B6BD1A2CEC7402004AEB8F /* colors.json in Resources */,
				8ADB60132CE3ABAD00B3E218 /* Preview Assets.xcassets in Resources */,
				8ADB60102CE3ABAD00B3E218 /* Assets.xcassets in Resources */,
			);
			runOnlyForDeploymentPostprocessing = 0;
		};
/* End PBXResourcesBuildPhase section */

/* Begin PBXSourcesBuildPhase section */
		8ADB60042CE3ABAB00B3E218 /* Sources */ = {
			isa = PBXSourcesBuildPhase;
			buildActionMask = 2147483647;
			files = (
				926E35532CE9F8EC00AE08E5 /* Dialog.swift in Sources */,
				8ADB600E2CE3ABAB00B3E218 /* ContentView.swift in Sources */,
				92B6BD2C2CECD29A004AEB8F /* SnapshotDemo.swift in Sources */,
				8ADB601A2CE3B4E400B3E218 /* Text.swift in Sources */,
				8ADB600C2CE3ABAB00B3E218 /* DevSwiftUIApp.swift in Sources */,
				8A76ED5F2CE50F2A0065FF66 /* SwiftLanguage.swift in Sources */,
				92B6BD1C2CEC7478004AEB8F /* Utils.swift in Sources */,
				8A76ED632CE6271C0065FF66 /* TextField.swift in Sources */,
				926E354E2CE9ED6B00AE08E5 /* RGBDemo.swift in Sources */,
				926E35552CE9F90E00AE08E5 /* NoteModel.swift in Sources */,
				92B6BD0A2CEB749A004AEB8F /* Gesture3.swift in Sources */,
				926E354C2CE9DE6800AE08E5 /* Form.swift in Sources */,
				92B6BD202CEC8A57004AEB8F /* NoteApp.swift in Sources */,
				92B6BD142CEC4AA9004AEB8F /* ViewModel.swift in Sources */,
				8A76ED6B2CE631A30065FF66 /* TextEditor.swift in Sources */,
				92B6BD122CEC3D2D004AEB8F /* DataFlow.swift in Sources */,
				92B6BD042CEB67C6004AEB8F /* DisclosureGroup.swift in Sources */,
				92B6BD242CECAF2D004AEB8F /* Graphics2.swift in Sources */,
				8A76ED6D2CE636070065FF66 /* ListView.swift in Sources */,
				92B6BD282CECC2D6004AEB8F /* ImagePickerDemo.swift in Sources */,
				92B6BD082CEB72BC004AEB8F /* Gesture2.swift in Sources */,
				92B6BD062CEB690B004AEB8F /* Gesture.swift in Sources */,
				926E35592CEA02B300AE08E5 /* Dialog3.swift in Sources */,
				92B6BCFE2CEB611B004AEB8F /* Dialog4.swift in Sources */,
				92B6BD1E2CEC7C46004AEB8F /* NetworkRequestMVVM.swift in Sources */,
				92B6BD182CEC7049004AEB8F /* ColorModel.swift in Sources */,
				9248A2E22CE8A6F9009BCD57 /* NavigationView.swift in Sources */,
				92B6BD222CECA5A2004AEB8F /* Graphics.swift in Sources */,
				926E354A2CE9DB9500AE08E5 /* BannerModel.swift in Sources */,
				92B6BD002CEB633E004AEB8F /* Dialog5.swift in Sources */,
				926BAF462CE7942500F1D40F /* ListViewDemo.swift in Sources */,
				92B6BD2E2CEDC076004AEB8F /* ImageSaver.swift in Sources */,
				92B6BD262CECBBD8004AEB8F /* ImagePicker.swift in Sources */,
				92B6BD102CEB7CC5004AEB8F /* Color.swift in Sources */,
				92B6BD022CEB6548004AEB8F /* ScrollView.swift in Sources */,
				8A76ED572CE4D0F00065FF66 /* Image.swift in Sources */,
				92B6BD162CEC7031004AEB8F /* NetworkRequest.swift in Sources */,
				926BAF442CE792F200F1D40F /* SentencesModel.swift in Sources */,
				8A76ED612CE516210065FF66 /* Button.swift in Sources */,
				8A76ED592CE4DA540065FF66 /* Stack.swift in Sources */,
				926E35482CE9D1C700AE08E5 /* IndexView.swift in Sources */,
				8A76ED5B2CE4DF970065FF66 /* StatusPageView.swift in Sources */,
				92B6BD0C2CEB76A9004AEB8F /* Gesture4.swift in Sources */,
				926BAF492CE79BAA00F1D40F /* HildeKeyboard.swift in Sources */,
				92B6BD0E2CEB78D2004AEB8F /* Gesture5.swift in Sources */,
				92B6BD2A2CECCA1A004AEB8F /* AsImage.swift in Sources */,
				926E35512CE9F17E00AE08E5 /* ColorToString.swift in Sources */,
				926E35572CEA00CB00AE08E5 /* Dialog2.swift in Sources */,
				92B6BD302CEDC721004AEB8F /* ShareSheet.swift in Sources */,
			);
			runOnlyForDeploymentPostprocessing = 0;
		};
/* End PBXSourcesBuildPhase section */

/* Begin XCBuildConfiguration section */
		8ADB60142CE3ABAD00B3E218 /* Debug */ = {
			isa = XCBuildConfiguration;
			buildSettings = {
				ALWAYS_SEARCH_USER_PATHS = NO;
				CLANG_ANALYZER_NONNULL = YES;
				CLANG_ANALYZER_NUMBER_OBJECT_CONVERSION = YES_AGGRESSIVE;
				CLANG_CXX_LANGUAGE_STANDARD = "gnu++20";
				CLANG_ENABLE_MODULES = YES;
				CLANG_ENABLE_OBJC_ARC = YES;
				CLANG_ENABLE_OBJC_WEAK = YES;
				CLANG_WARN_BLOCK_CAPTURE_AUTORELEASING = YES;
				CLANG_WARN_BOOL_CONVERSION = YES;
				CLANG_WARN_COMMA = YES;
				CLANG_WARN_CONSTANT_CONVERSION = YES;
				CLANG_WARN_DEPRECATED_OBJC_IMPLEMENTATIONS = YES;
				CLANG_WARN_DIRECT_OBJC_ISA_USAGE = YES_ERROR;
				CLANG_WARN_DOCUMENTATION_COMMENTS = YES;
				CLANG_WARN_EMPTY_BODY = YES;
				CLANG_WARN_ENUM_CONVERSION = YES;
				CLANG_WARN_INFINITE_RECURSION = YES;
				CLANG_WARN_INT_CONVERSION = YES;
				CLANG_WARN_NON_LITERAL_NULL_CONVERSION = YES;
				CLANG_WARN_OBJC_IMPLICIT_RETAIN_SELF = YES;
				CLANG_WARN_OBJC_LITERAL_CONVERSION = YES;
				CLANG_WARN_OBJC_ROOT_CLASS = YES_ERROR;
				CLANG_WARN_QUOTED_INCLUDE_IN_FRAMEWORK_HEADER = YES;
				CLANG_WARN_RANGE_LOOP_ANALYSIS = YES;
				CLANG_WARN_STRICT_PROTOTYPES = YES;
				CLANG_WARN_SUSPICIOUS_MOVE = YES;
				CLANG_WARN_UNGUARDED_AVAILABILITY = YES_AGGRESSIVE;
				CLANG_WARN_UNREACHABLE_CODE = YES;
				CLANG_WARN__DUPLICATE_METHOD_MATCH = YES;
				COPY_PHASE_STRIP = NO;
				DEBUG_INFORMATION_FORMAT = dwarf;
				ENABLE_STRICT_OBJC_MSGSEND = YES;
				ENABLE_TESTABILITY = YES;
				GCC_C_LANGUAGE_STANDARD = gnu11;
				GCC_DYNAMIC_NO_PIC = NO;
				GCC_NO_COMMON_BLOCKS = YES;
				GCC_OPTIMIZATION_LEVEL = 0;
				GCC_PREPROCESSOR_DEFINITIONS = (
					"DEBUG=1",
					"$(inherited)",
				);
				GCC_WARN_64_TO_32_BIT_CONVERSION = YES;
				GCC_WARN_ABOUT_RETURN_TYPE = YES_ERROR;
				GCC_WARN_UNDECLARED_SELECTOR = YES;
				GCC_WARN_UNINITIALIZED_AUTOS = YES_AGGRESSIVE;
				GCC_WARN_UNUSED_FUNCTION = YES;
				GCC_WARN_UNUSED_VARIABLE = YES;
				IPHONEOS_DEPLOYMENT_TARGET = 16.4;
				MTL_ENABLE_DEBUG_INFO = INCLUDE_SOURCE;
				MTL_FAST_MATH = YES;
				ONLY_ACTIVE_ARCH = YES;
				SDKROOT = iphoneos;
				SWIFT_ACTIVE_COMPILATION_CONDITIONS = DEBUG;
				SWIFT_OPTIMIZATION_LEVEL = "-Onone";
			};
			name = Debug;
		};
		8ADB60152CE3ABAD00B3E218 /* Release */ = {
			isa = XCBuildConfiguration;
			buildSettings = {
				ALWAYS_SEARCH_USER_PATHS = NO;
				CLANG_ANALYZER_NONNULL = YES;
				CLANG_ANALYZER_NUMBER_OBJECT_CONVERSION = YES_AGGRESSIVE;
				CLANG_CXX_LANGUAGE_STANDARD = "gnu++20";
				CLANG_ENABLE_MODULES = YES;
				CLANG_ENABLE_OBJC_ARC = YES;
				CLANG_ENABLE_OBJC_WEAK = YES;
				CLANG_WARN_BLOCK_CAPTURE_AUTORELEASING = YES;
				CLANG_WARN_BOOL_CONVERSION = YES;
				CLANG_WARN_COMMA = YES;
				CLANG_WARN_CONSTANT_CONVERSION = YES;
				CLANG_WARN_DEPRECATED_OBJC_IMPLEMENTATIONS = YES;
				CLANG_WARN_DIRECT_OBJC_ISA_USAGE = YES_ERROR;
				CLANG_WARN_DOCUMENTATION_COMMENTS = YES;
				CLANG_WARN_EMPTY_BODY = YES;
				CLANG_WARN_ENUM_CONVERSION = YES;
				CLANG_WARN_INFINITE_RECURSION = YES;
				CLANG_WARN_INT_CONVERSION = YES;
				CLANG_WARN_NON_LITERAL_NULL_CONVERSION = YES;
				CLANG_WARN_OBJC_IMPLICIT_RETAIN_SELF = YES;
				CLANG_WARN_OBJC_LITERAL_CONVERSION = YES;
				CLANG_WARN_OBJC_ROOT_CLASS = YES_ERROR;
				CLANG_WARN_QUOTED_INCLUDE_IN_FRAMEWORK_HEADER = YES;
				CLANG_WARN_RANGE_LOOP_ANALYSIS = YES;
				CLANG_WARN_STRICT_PROTOTYPES = YES;
				CLANG_WARN_SUSPICIOUS_MOVE = YES;
				CLANG_WARN_UNGUARDED_AVAILABILITY = YES_AGGRESSIVE;
				CLANG_WARN_UNREACHABLE_CODE = YES;
				CLANG_WARN__DUPLICATE_METHOD_MATCH = YES;
				COPY_PHASE_STRIP = NO;
				DEBUG_INFORMATION_FORMAT = "dwarf-with-dsym";
				ENABLE_NS_ASSERTIONS = NO;
				ENABLE_STRICT_OBJC_MSGSEND = YES;
				GCC_C_LANGUAGE_STANDARD = gnu11;
				GCC_NO_COMMON_BLOCKS = YES;
				GCC_WARN_64_TO_32_BIT_CONVERSION = YES;
				GCC_WARN_ABOUT_RETURN_TYPE = YES_ERROR;
				GCC_WARN_UNDECLARED_SELECTOR = YES;
				GCC_WARN_UNINITIALIZED_AUTOS = YES_AGGRESSIVE;
				GCC_WARN_UNUSED_FUNCTION = YES;
				GCC_WARN_UNUSED_VARIABLE = YES;
				IPHONEOS_DEPLOYMENT_TARGET = 16.4;
				MTL_ENABLE_DEBUG_INFO = NO;
				MTL_FAST_MATH = YES;
				SDKROOT = iphoneos;
				SWIFT_COMPILATION_MODE = wholemodule;
				SWIFT_OPTIMIZATION_LEVEL = "-O";
				VALIDATE_PRODUCT = YES;
			};
			name = Release;
		};
		8ADB60172CE3ABAD00B3E218 /* Debug */ = {
			isa = XCBuildConfiguration;
			buildSettings = {
				ASSETCATALOG_COMPILER_APPICON_NAME = AppIcon;
				ASSETCATALOG_COMPILER_GLOBAL_ACCENT_COLOR_NAME = AccentColor;
				CODE_SIGN_STYLE = Automatic;
				CURRENT_PROJECT_VERSION = 1;
				DEVELOPMENT_ASSET_PATHS = "\"DevSwiftUI/Preview Content\"";
				DEVELOPMENT_TEAM = 8F5DZ5CZ3V;
				ENABLE_PREVIEWS = YES;
				GENERATE_INFOPLIST_FILE = YES;
				INFOPLIST_KEY_NSCameraUsageDescription = "我的提示：使用相机";
				INFOPLIST_KEY_NSPhotoLibraryAddUsageDescription = "我的提示：使用相册";
				INFOPLIST_KEY_UIApplicationSceneManifest_Generation = YES;
				INFOPLIST_KEY_UIApplicationSupportsIndirectInputEvents = YES;
				INFOPLIST_KEY_UILaunchScreen_Generation = YES;
				INFOPLIST_KEY_UISupportedInterfaceOrientations_iPhone = "UIInterfaceOrientationPortrait UIInterfaceOrientationLandscapeLeft UIInterfaceOrientationLandscapeRight";
				LD_RUNPATH_SEARCH_PATHS = (
					"$(inherited)",
					"@executable_path/Frameworks",
				);
				MARKETING_VERSION = 1.0;
				PRODUCT_BUNDLE_IDENTIFIER = com.erkuai.DevSwiftUI;
				PRODUCT_NAME = "$(TARGET_NAME)";
				SWIFT_EMIT_LOC_STRINGS = YES;
				SWIFT_VERSION = 5.0;
				TARGETED_DEVICE_FAMILY = "1,2";
			};
			name = Debug;
		};
		8ADB60182CE3ABAD00B3E218 /* Release */ = {
			isa = XCBuildConfiguration;
			buildSettings = {
				ASSETCATALOG_COMPILER_APPICON_NAME = AppIcon;
				ASSETCATALOG_COMPILER_GLOBAL_ACCENT_COLOR_NAME = AccentColor;
				CODE_SIGN_STYLE = Automatic;
				CURRENT_PROJECT_VERSION = 1;
				DEVELOPMENT_ASSET_PATHS = "\"DevSwiftUI/Preview Content\"";
				DEVELOPMENT_TEAM = 8F5DZ5CZ3V;
				ENABLE_PREVIEWS = YES;
				GENERATE_INFOPLIST_FILE = YES;
				INFOPLIST_KEY_NSCameraUsageDescription = "我的提示：使用相机";
				INFOPLIST_KEY_NSPhotoLibraryAddUsageDescription = "我的提示：使用相册";
				INFOPLIST_KEY_UIApplicationSceneManifest_Generation = YES;
				INFOPLIST_KEY_UIApplicationSupportsIndirectInputEvents = YES;
				INFOPLIST_KEY_UILaunchScreen_Generation = YES;
				INFOPLIST_KEY_UISupportedInterfaceOrientations_iPhone = "UIInterfaceOrientationPortrait UIInterfaceOrientationLandscapeLeft UIInterfaceOrientationLandscapeRight";
				LD_RUNPATH_SEARCH_PATHS = (
					"$(inherited)",
					"@executable_path/Frameworks",
				);
				MARKETING_VERSION = 1.0;
				PRODUCT_BUNDLE_IDENTIFIER = com.erkuai.DevSwiftUI;
				PRODUCT_NAME = "$(TARGET_NAME)";
				SWIFT_EMIT_LOC_STRINGS = YES;
				SWIFT_VERSION = 5.0;
				TARGETED_DEVICE_FAMILY = "1,2";
			};
			name = Release;
		};
/* End XCBuildConfiguration section */

/* Begin XCConfigurationList section */
		8ADB60032CE3ABAB00B3E218 /* Build configuration list for PBXProject "DevSwiftUI" */ = {
			isa = XCConfigurationList;
			buildConfigurations = (
				8ADB60142CE3ABAD00B3E218 /* Debug */,
				8ADB60152CE3ABAD00B3E218 /* Release */,
			);
			defaultConfigurationIsVisible = 0;
			defaultConfigurationName = Release;
		};
		8ADB60162CE3ABAD00B3E218 /* Build configuration list for PBXNativeTarget "DevSwiftUI" */ = {
			isa = XCConfigurationList;
			buildConfigurations = (
				8ADB60172CE3ABAD00B3E218 /* Debug */,
				8ADB60182CE3ABAD00B3E218 /* Release */,
			);
			defaultConfigurationIsVisible = 0;
			defaultConfigurationName = Release;
		};
/* End XCConfigurationList section */
	};
	rootObject = 8ADB60002CE3ABAB00B3E218 /* Project object */;
}
